
Microsoft Visual Studio Solution File, Format Version 12.00
# Visual Studio 14
VisualStudioVersion = 14.0.23107.0
MinimumVisualStudioVersion = 10.0.40219.1
Project("{FAE04EC0-301F-11D3-BF4B-00C04F79EFBC}") = "WCF_Server", "WCF_Server\WCF_Server.csproj", "{2775488E-8C80-48D2-9AE4-21998B85A902}"
EndProject
Project("{FAE04EC0-301F-11D3-BF4B-00C04F79EFBC}") = "WCF_Client", "WCF_Client\WCF_Client.csproj", "{C798AA03-DCC7-4A32-8BEB-872C041F43DC}"
EndProject
Global
	GlobalSection(SolutionConfigurationPlatforms) = preSolution
		Debug|Any CPU = Debug|Any CPU
		Release|Any CPU = Release|Any CPU
	EndGlobalSection
	GlobalSection(ProjectConfigurationPlatforms) = postSolution
		{2775488E-8C80-48D2-9AE4-21998B85A902}.Debug|Any CPU.ActiveCfg = Debug|Any CPU
		{2775488E-8C80-48D2-9AE4-21998B85A902}.Debug|Any CPU.Build.0 = Debug|Any CPU
		{2775488E-8C80-48D2-9AE4-21998B85A902}.Release|Any CPU.ActiveCfg = Release|Any CPU
		{2775488E-8C80-48D2-9AE4-21998B85A902}.Release|Any CPU.Build.0 = Release|Any CPU
		{C798AA03-DCC7-4A32-8BEB-872C041F43DC}.Debug|Any CPU.ActiveCfg = Debug|Any CPU
		{C798AA03-DCC7-4A32-8BEB-872C041F43DC}.Debug|Any CPU.Build.0 = Debug|Any CPU
		{C798AA03-DCC7-4A32-8BEB-872C041F43DC}.Release|Any CPU.ActiveCfg = Release|Any CPU
		{C798AA03-DCC7-4A32-8BEB-872C041F43DC}.Release|Any CPU.Build.0 = Release|Any CPU
	EndGlobalSection
	GlobalSection(SolutionProperties) = preSolution
		HideSolutionNode = FALSE
	EndGlobalSection
EndGlobal
